// !$*UTF8*$!
{
	archiveVersion = 1;
	classes = {
	};
	objectVersion = 46;
	objects = {

/* Begin PBXBuildFile section */
		07B329A01E1BEBEB008761A3 /* AppDelegate.swift in Sources */ = {isa = PBXBuildFile; fileRef = 07B3299F1E1BEBEB008761A3 /* AppDelegate.swift */; };
		07B329A21E1BEBEB008761A3 /* ViewController.swift in Sources */ = {isa = PBXBuildFile; fileRef = 07B329A11E1BEBEB008761A3 /* ViewController.swift */; };
		07B329A51E1BEBEB008761A3 /* Main.storyboard in Resources */ = {isa = PBXBuildFile; fileRef = 07B329A31E1BEBEB008761A3 /* Main.storyboard */; };
		07B329A71E1BEBEB008761A3 /* Assets.xcassets in Resources */ = {isa = PBXBuildFile; fileRef = 07B329A61E1BEBEB008761A3 /* Assets.xcassets */; };
		07B329AA1E1BEBEB008761A3 /* LaunchScreen.storyboard in Resources */ = {isa = PBXBuildFile; fileRef = 07B329A81E1BEBEB008761A3 /* LaunchScreen.storyboard */; };
		07B329B51E1BEBEB008761A3 /* RPGTests.swift in Sources */ = {isa = PBXBuildFile; fileRef = 07B329B41E1BEBEB008761A3 /* RPGTests.swift */; };
		07B329C01E1BEBEB008761A3 /* RPGUITests.swift in Sources */ = {isa = PBXBuildFile; fileRef = 07B329BF1E1BEBEB008761A3 /* RPGUITests.swift */; };
		07B329CE1E1BEC3A008761A3 /* Character.swift in Sources */ = {isa = PBXBuildFile; fileRef = 07B329CD1E1BEC3A008761A3 /* Character.swift */; };
		07B329D21E1BEF4E008761A3 /* CharacterClassification.swift in Sources */ = {isa = PBXBuildFile; fileRef = 07B329D11E1BEF4E008761A3 /* CharacterClassification.swift */; };
		07B329D41E1BF0BE008761A3 /* CharacterClassificationTests.swift in Sources */ = {isa = PBXBuildFile; fileRef = 07B329D31E1BF0BE008761A3 /* CharacterClassificationTests.swift */; };
		07B329D61E1C31D2008761A3 /* Notes.swift in Sources */ = {isa = PBXBuildFile; fileRef = 07B329D51E1C31D2008761A3 /* Notes.swift */; };
		07B329D81E1C47A8008761A3 /* Experience.swift in Sources */ = {isa = PBXBuildFile; fileRef = 07B329D71E1C47A8008761A3 /* Experience.swift */; };
		07B329DA1E1C4BB3008761A3 /* Status.swift in Sources */ = {isa = PBXBuildFile; fileRef = 07B329D91E1C4BB3008761A3 /* Status.swift */; };
		07B329DE1E1CA73B008761A3 /* CharacterArray.swift in Sources */ = {isa = PBXBuildFile; fileRef = 07B329DD1E1CA73B008761A3 /* CharacterArray.swift */; };
/* End PBXBuildFile section */

/* Begin PBXContainerItemProxy section */
		07B329B11E1BEBEB008761A3 /* PBXContainerItemProxy */ = {
			isa = PBXContainerItemProxy;
			containerPortal = 07B329941E1BEBEA008761A3 /* Project object */;
			proxyType = 1;
			remoteGlobalIDString = 07B3299B1E1BEBEB008761A3;
			remoteInfo = RPG;
		};
		07B329BC1E1BEBEB008761A3 /* PBXContainerItemProxy */ = {
			isa = PBXContainerItemProxy;
			containerPortal = 07B329941E1BEBEA008761A3 /* Project object */;
			proxyType = 1;
			remoteGlobalIDString = 07B3299B1E1BEBEB008761A3;
			remoteInfo = RPG;
		};
/* End PBXContainerItemProxy section */

/* Begin PBXFileReference section */
		07B3299C1E1BEBEB008761A3 /* RPG.app */ = {isa = PBXFileReference; explicitFileType = wrapper.application; includeInIndex = 0; path = RPG.app; sourceTree = BUILT_PRODUCTS_DIR; };
		07B3299F1E1BEBEB008761A3 /* AppDelegate.swift */ = {isa = PBXFileReference; lastKnownFileType = sourcecode.swift; path = AppDelegate.swift; sourceTree = "<group>"; };
		07B329A11E1BEBEB008761A3 /* ViewController.swift */ = {isa = PBXFileReference; lastKnownFileType = sourcecode.swift; path = ViewController.swift; sourceTree = "<group>"; };
		07B329A41E1BEBEB008761A3 /* Base */ = {isa = PBXFileReference; lastKnownFileType = file.storyboard; name = Base; path = Base.lproj/Main.storyboard; sourceTree = "<group>"; };
		07B329A61E1BEBEB008761A3 /* Assets.xcassets */ = {isa = PBXFileReference; lastKnownFileType = folder.assetcatalog; path = Assets.xcassets; sourceTree = "<group>"; };
		07B329A91E1BEBEB008761A3 /* Base */ = {isa = PBXFileReference; lastKnownFileType = file.storyboard; name = Base; path = Base.lproj/LaunchScreen.storyboard; sourceTree = "<group>"; };
		07B329AB1E1BEBEB008761A3 /* Info.plist */ = {isa = PBXFileReference; lastKnownFileType = text.plist.xml; path = Info.plist; sourceTree = "<group>"; };
		07B329B01E1BEBEB008761A3 /* RPGTests.xctest */ = {isa = PBXFileReference; explicitFileType = wrapper.cfbundle; includeInIndex = 0; path = RPGTests.xctest; sourceTree = BUILT_PRODUCTS_DIR; };
		07B329B41E1BEBEB008761A3 /* RPGTests.swift */ = {isa = PBXFileReference; lastKnownFileType = sourcecode.swift; path = RPGTests.swift; sourceTree = "<group>"; };
		07B329B61E1BEBEB008761A3 /* Info.plist */ = {isa = PBXFileReference; lastKnownFileType = text.plist.xml; path = Info.plist; sourceTree = "<group>"; };
		07B329BB1E1BEBEB008761A3 /* RPGUITests.xctest */ = {isa = PBXFileReference; explicitFileType = wrapper.cfbundle; includeInIndex = 0; path = RPGUITests.xctest; sourceTree = BUILT_PRODUCTS_DIR; };
		07B329BF1E1BEBEB008761A3 /* RPGUITests.swift */ = {isa = PBXFileReference; lastKnownFileType = sourcecode.swift; path = RPGUITests.swift; sourceTree = "<group>"; };
		07B329C11E1BEBEB008761A3 /* Info.plist */ = {isa = PBXFileReference; lastKnownFileType = text.plist.xml; path = Info.plist; sourceTree = "<group>"; };
		07B329CD1E1BEC3A008761A3 /* Character.swift */ = {isa = PBXFileReference; fileEncoding = 4; lastKnownFileType = sourcecode.swift; path = Character.swift; sourceTree = "<group>"; };
		07B329D11E1BEF4E008761A3 /* CharacterClassification.swift */ = {isa = PBXFileReference; fileEncoding = 4; lastKnownFileType = sourcecode.swift; path = CharacterClassification.swift; sourceTree = "<group>"; };
		07B329D31E1BF0BE008761A3 /* CharacterClassificationTests.swift */ = {isa = PBXFileReference; fileEncoding = 4; lastKnownFileType = sourcecode.swift; path = CharacterClassificationTests.swift; sourceTree = "<group>"; };
		07B329D51E1C31D2008761A3 /* Notes.swift */ = {isa = PBXFileReference; fileEncoding = 4; lastKnownFileType = sourcecode.swift; path = Notes.swift; sourceTree = "<group>"; };
		07B329D71E1C47A8008761A3 /* Experience.swift */ = {isa = PBXFileReference; fileEncoding = 4; lastKnownFileType = sourcecode.swift; path = Experience.swift; sourceTree = "<group>"; };
		07B329D91E1C4BB3008761A3 /* Status.swift */ = {isa = PBXFileReference; fileEncoding = 4; lastKnownFileType = sourcecode.swift; path = Status.swift; sourceTree = "<group>"; };
		07B329DD1E1CA73B008761A3 /* CharacterArray.swift */ = {isa = PBXFileReference; fileEncoding = 4; lastKnownFileType = sourcecode.swift; path = CharacterArray.swift; sourceTree = "<group>"; };
/* End PBXFileReference section */

/* Begin PBXFrameworksBuildPhase section */
		07B329991E1BEBEB008761A3 /* Frameworks */ = {
			isa = PBXFrameworksBuildPhase;
			buildActionMask = 2147483647;
			files = (
			);
			runOnlyForDeploymentPostprocessing = 0;
		};
		07B329AD1E1BEBEB008761A3 /* Frameworks */ = {
			isa = PBXFrameworksBuildPhase;
			buildActionMask = 2147483647;
			files = (
			);
			runOnlyForDeploymentPostprocessing = 0;
		};
		07B329B81E1BEBEB008761A3 /* Frameworks */ = {
			isa = PBXFrameworksBuildPhase;
			buildActionMask = 2147483647;
			files = (
			);
			runOnlyForDeploymentPostprocessing = 0;
		};
/* End PBXFrameworksBuildPhase section */

/* Begin PBXGroup section */
		07B329931E1BEBEA008761A3 = {
			isa = PBXGroup;
			children = (
				07B3299E1E1BEBEB008761A3 /* RPG */,
				07B329B31E1BEBEB008761A3 /* RPGTests */,
				07B329BE1E1BEBEB008761A3 /* RPGUITests */,
				07B3299D1E1BEBEB008761A3 /* Products */,
			);
			sourceTree = "<group>";
		};
		07B3299D1E1BEBEB008761A3 /* Products */ = {
			isa = PBXGroup;
			children = (
				07B3299C1E1BEBEB008761A3 /* RPG.app */,
				07B329B01E1BEBEB008761A3 /* RPGTests.xctest */,
				07B329BB1E1BEBEB008761A3 /* RPGUITests.xctest */,
			);
			name = Products;
			sourceTree = "<group>";
		};
		07B3299E1E1BEBEB008761A3 /* RPG */ = {
			isa = PBXGroup;
			children = (
				07B3299F1E1BEBEB008761A3 /* AppDelegate.swift */,
				07B329A11E1BEBEB008761A3 /* ViewController.swift */,
				07B329CD1E1BEC3A008761A3 /* Character.swift */,
				07B329DD1E1CA73B008761A3 /* CharacterArray.swift */,
				07B329D51E1C31D2008761A3 /* Notes.swift */,
				07B329D11E1BEF4E008761A3 /* CharacterClassification.swift */,
				07B329D91E1C4BB3008761A3 /* Status.swift */,
				07B329D71E1C47A8008761A3 /* Experience.swift */,
				07B329A31E1BEBEB008761A3 /* Main.storyboard */,
				07B329A61E1BEBEB008761A3 /* Assets.xcassets */,
				07B329A81E1BEBEB008761A3 /* LaunchScreen.storyboard */,
				07B329AB1E1BEBEB008761A3 /* Info.plist */,
			);
			path = RPG;
			sourceTree = "<group>";
		};
		07B329B31E1BEBEB008761A3 /* RPGTests */ = {
			isa = PBXGroup;
			children = (
				07B329B41E1BEBEB008761A3 /* RPGTests.swift */,
				07B329D31E1BF0BE008761A3 /* CharacterClassificationTests.swift */,
				07B329B61E1BEBEB008761A3 /* Info.plist */,
			);
			path = RPGTests;
			sourceTree = "<group>";
		};
		07B329BE1E1BEBEB008761A3 /* RPGUITests */ = {
			isa = PBXGroup;
			children = (
				07B329BF1E1BEBEB008761A3 /* RPGUITests.swift */,
				07B329C11E1BEBEB008761A3 /* Info.plist */,
			);
			path = RPGUITests;
			sourceTree = "<group>";
		};
/* End PBXGroup section */

/* Begin PBXNativeTarget section */
		07B3299B1E1BEBEB008761A3 /* RPG */ = {
			isa = PBXNativeTarget;
			buildConfigurationList = 07B329C41E1BEBEB008761A3 /* Build configuration list for PBXNativeTarget "RPG" */;
			buildPhases = (
				07B329981E1BEBEB008761A3 /* Sources */,
				07B329991E1BEBEB008761A3 /* Frameworks */,
				07B3299A1E1BEBEB008761A3 /* Resources */,
			);
			buildRules = (
			);
			dependencies = (
			);
			name = RPG;
			productName = RPG;
			productReference = 07B3299C1E1BEBEB008761A3 /* RPG.app */;
			productType = "com.apple.product-type.application";
		};
		07B329AF1E1BEBEB008761A3 /* RPGTests */ = {
			isa = PBXNativeTarget;
			buildConfigurationList = 07B329C71E1BEBEB008761A3 /* Build configuration list for PBXNativeTarget "RPGTests" */;
			buildPhases = (
				07B329AC1E1BEBEB008761A3 /* Sources */,
				07B329AD1E1BEBEB008761A3 /* Frameworks */,
				07B329AE1E1BEBEB008761A3 /* Resources */,
			);
			buildRules = (
			);
			dependencies = (
				07B329B21E1BEBEB008761A3 /* PBXTargetDependency */,
			);
			name = RPGTests;
			productName = RPGTests;
			productReference = 07B329B01E1BEBEB008761A3 /* RPGTests.xctest */;
			productType = "com.apple.product-type.bundle.unit-test";
		};
		07B329BA1E1BEBEB008761A3 /* RPGUITests */ = {
			isa = PBXNativeTarget;
			buildConfigurationList = 07B329CA1E1BEBEB008761A3 /* Build configuration list for PBXNativeTarget "RPGUITests" */;
			buildPhases = (
				07B329B71E1BEBEB008761A3 /* Sources */,
				07B329B81E1BEBEB008761A3 /* Frameworks */,
				07B329B91E1BEBEB008761A3 /* Resources */,
			);
			buildRules = (
			);
			dependencies = (
				07B329BD1E1BEBEB008761A3 /* PBXTargetDependency */,
			);
			name = RPGUITests;
			productName = RPGUITests;
			productReference = 07B329BB1E1BEBEB008761A3 /* RPGUITests.xctest */;
			productType = "com.apple.product-type.bundle.ui-testing";
		};
/* End PBXNativeTarget section */

/* Begin PBXProject section */
		07B329941E1BEBEA008761A3 /* Project object */ = {
			isa = PBXProject;
			attributes = {
				LastSwiftUpdateCheck = 0820;
				LastUpgradeCheck = 0820;
				ORGANIZATIONNAME = dssafsfsd;
				TargetAttributes = {
					07B3299B1E1BEBEB008761A3 = {
						CreatedOnToolsVersion = 8.2.1;
						ProvisioningStyle = Automatic;
					};
					07B329AF1E1BEBEB008761A3 = {
						CreatedOnToolsVersion = 8.2.1;
						ProvisioningStyle = Automatic;
						TestTargetID = 07B3299B1E1BEBEB008761A3;
					};
					07B329BA1E1BEBEB008761A3 = {
						CreatedOnToolsVersion = 8.2.1;
						ProvisioningStyle = Automatic;
						TestTargetID = 07B3299B1E1BEBEB008761A3;
					};
				};
			};
			buildConfigurationList = 07B329971E1BEBEA008761A3 /* Build configuration list for PBXProject "RPG" */;
			compatibilityVersion = "Xcode 3.2";
			developmentRegion = English;
			hasScannedForEncodings = 0;
			knownRegions = (
				en,
				Base,
			);
			mainGroup = 07B329931E1BEBEA008761A3;
			productRefGroup = 07B3299D1E1BEBEB008761A3 /* Products */;
			projectDirPath = "";
			projectRoot = "";
			targets = (
				07B3299B1E1BEBEB008761A3 /* RPG */,
				07B329AF1E1BEBEB008761A3 /* RPGTests */,
				07B329BA1E1BEBEB008761A3 /* RPGUITests */,
			);
		};
/* End PBXProject section */

/* Begin PBXResourcesBuildPhase section */
		07B3299A1E1BEBEB008761A3 /* Resources */ = {
			isa = PBXResourcesBuildPhase;
			buildActionMask = 2147483647;
			files = (
				07B329AA1E1BEBEB008761A3 /* LaunchScreen.storyboard in Resources */,
				07B329A71E1BEBEB008761A3 /* Assets.xcassets in Resources */,
				07B329A51E1BEBEB008761A3 /* Main.storyboard in Resources */,
			);
			runOnlyForDeploymentPostprocessing = 0;
		};
		07B329AE1E1BEBEB008761A3 /* Resources */ = {
			isa = PBXResourcesBuildPhase;
			buildActionMask = 2147483647;
			files = (
			);
			runOnlyForDeploymentPostprocessing = 0;
		};
		07B329B91E1BEBEB008761A3 /* Resources */ = {
			isa = PBXResourcesBuildPhase;
			buildActionMask = 2147483647;
			files = (
			);
			runOnlyForDeploymentPostprocessing = 0;
		};
/* End PBXResourcesBuildPhase section */

/* Begin PBXSourcesBuildPhase section */
		07B329981E1BEBEB008761A3 /* Sources */ = {
			isa = PBXSourcesBuildPhase;
			buildActionMask = 2147483647;
			files = (
				07B329CE1E1BEC3A008761A3 /* Character.swift in Sources */,
				07B329A21E1BEBEB008761A3 /* ViewController.swift in Sources */,
				07B329DA1E1C4BB3008761A3 /* Status.swift in Sources */,
				07B329DE1E1CA73B008761A3 /* CharacterArray.swift in Sources */,
				07B329D81E1C47A8008761A3 /* Experience.swift in Sources */,
				07B329A01E1BEBEB008761A3 /* AppDelegate.swift in Sources */,
				07B329D21E1BEF4E008761A3 /* CharacterClassification.swift in Sources */,
				07B329D61E1C31D2008761A3 /* Notes.swift in Sources */,
			);
			runOnlyForDeploymentPostprocessing = 0;
		};
		07B329AC1E1BEBEB008761A3 /* Sources */ = {
			isa = PBXSourcesBuildPhase;
			buildActionMask = 2147483647;
			files = (
				07B329B51E1BEBEB008761A3 /* RPGTests.swift in Sources */,
				07B329D41E1BF0BE008761A3 /* CharacterClassificationTests.swift in Sources */,
			);
			runOnlyForDeploymentPostprocessing = 0;
		};
		07B329B71E1BEBEB008761A3 /* Sources */ = {
			isa = PBXSourcesBuildPhase;
			buildActionMask = 2147483647;
			files = (
				07B329C01E1BEBEB008761A3 /* RPGUITests.swift in Sources */,
			);
			runOnlyForDeploymentPostprocessing = 0;
		};
/* End PBXSourcesBuildPhase section */

/* Begin PBXTargetDependency section */
		07B329B21E1BEBEB008761A3 /* PBXTargetDependency */ = {
			isa = PBXTargetDependency;
			target = 07B3299B1E1BEBEB008761A3 /* RPG */;
			targetProxy = 07B329B11E1BEBEB008761A3 /* PBXContainerItemProxy */;
		};
		07B329BD1E1BEBEB008761A3 /* PBXTargetDependency */ = {
			isa = PBXTargetDependency;
			target = 07B3299B1E1BEBEB008761A3 /* RPG */;
			targetProxy = 07B329BC1E1BEBEB008761A3 /* PBXContainerItemProxy */;
		};
/* End PBXTargetDependency section */

/* Begin PBXVariantGroup section */
		07B329A31E1BEBEB008761A3 /* Main.storyboard */ = {
			isa = PBXVariantGroup;
			children = (
				07B329A41E1BEBEB008761A3 /* Base */,
			);
			name = Main.storyboard;
			sourceTree = "<group>";
		};
		07B329A81E1BEBEB008761A3 /* LaunchScreen.storyboard */ = {
			isa = PBXVariantGroup;
			children = (
				07B329A91E1BEBEB008761A3 /* Base */,
			);
			name = LaunchScreen.storyboard;
			sourceTree = "<group>";
		};
/* End PBXVariantGroup section */

/* Begin XCBuildConfiguration section */
		07B329C21E1BEBEB008761A3 /* Debug */ = {
			isa = XCBuildConfiguration;
			buildSettings = {
				ALWAYS_SEARCH_USER_PATHS = NO;
				CLANG_ANALYZER_NONNULL = YES;
				CLANG_CXX_LANGUAGE_STANDARD = "gnu++0x";
				CLANG_CXX_LIBRARY = "libc++";
				CLANG_ENABLE_MODULES = YES;
				CLANG_ENABLE_OBJC_ARC = YES;
				CLANG_WARN_BOOL_CONVERSION = YES;
				CLANG_WARN_CONSTANT_CONVERSION = YES;
				CLANG_WARN_DIRECT_OBJC_ISA_USAGE = YES_ERROR;
				CLANG_WARN_DOCUMENTATION_COMMENTS = YES;
				CLANG_WARN_EMPTY_BODY = YES;
				CLANG_WARN_ENUM_CONVERSION = YES;
				CLANG_WARN_INFINITE_RECURSION = YES;
				CLANG_WARN_INT_CONVERSION = YES;
				CLANG_WARN_OBJC_ROOT_CLASS = YES_ERROR;
				CLANG_WARN_SUSPICIOUS_MOVE = YES;
				CLANG_WARN_UNREACHABLE_CODE = YES;
				CLANG_WARN__DUPLICATE_METHOD_MATCH = YES;
				"CODE_SIGN_IDENTITY[sdk=iphoneos*]" = "iPhone Developer";
				COPY_PHASE_STRIP = NO;
				DEBUG_INFORMATION_FORMAT = dwarf;
				ENABLE_STRICT_OBJC_MSGSEND = YES;
				ENABLE_TESTABILITY = YES;
				GCC_C_LANGUAGE_STANDARD = gnu99;
				GCC_DYNAMIC_NO_PIC = NO;
				GCC_NO_COMMON_BLOCKS = YES;
				GCC_OPTIMIZATION_LEVEL = 0;
				GCC_PREPROCESSOR_DEFINITIONS = (
					"DEBUG=1",
					"$(inherited)",
				);
				GCC_WARN_64_TO_32_BIT_CONVERSION = YES;
				GCC_WARN_ABOUT_RETURN_TYPE = YES_ERROR;
				GCC_WARN_UNDECLARED_SELECTOR = YES;
				GCC_WARN_UNINITIALIZED_AUTOS = YES_AGGRESSIVE;
				GCC_WARN_UNUSED_FUNCTION = YES;
				GCC_WARN_UNUSED_VARIABLE = YES;
				IPHONEOS_DEPLOYMENT_TARGET = 10.2;
				MTL_ENABLE_DEBUG_INFO = YES;
				ONLY_ACTIVE_ARCH = YES;
				SDKROOT = iphoneos;
				SWIFT_ACTIVE_COMPILATION_CONDITIONS = DEBUG;
				SWIFT_OPTIMIZATION_LEVEL = "-Onone";
				TARGETED_DEVICE_FAMILY = "1,2";
			};
			name = Debug;
		};
		07B329C31E1BEBEB008761A3 /* Release */ = {
			isa = XCBuildConfiguration;
			buildSettings = {
				ALWAYS_SEARCH_USER_PATHS = NO;
				CLANG_ANALYZER_NONNULL = YES;
				CLANG_CXX_LANGUAGE_STANDARD = "gnu++0x";
				CLANG_CXX_LIBRARY = "libc++";
				CLANG_ENABLE_MODULES = YES;
				CLANG_ENABLE_OBJC_ARC = YES;
				CLANG_WARN_BOOL_CONVERSION = YES;
				CLANG_WARN_CONSTANT_CONVERSION = YES;
				CLANG_WARN_DIRECT_OBJC_ISA_USAGE = YES_ERROR;
				CLANG_WARN_DOCUMENTATION_COMMENTS = YES;
				CLANG_WARN_EMPTY_BODY = YES;
				CLANG_WARN_ENUM_CONVERSION = YES;
				CLANG_WARN_INFINITE_RECURSION = YES;
				CLANG_WARN_INT_CONVERSION = YES;
				CLANG_WARN_OBJC_ROOT_CLASS = YES_ERROR;
				CLANG_WARN_SUSPICIOUS_MOVE = YES;
				CLANG_WARN_UNREACHABLE_CODE = YES;
				CLANG_WARN__DUPLICATE_METHOD_MATCH = YES;
				"CODE_SIGN_IDENTITY[sdk=iphoneos*]" = "iPhone Developer";
				COPY_PHASE_STRIP = NO;
				DEBUG_INFORMATION_FORMAT = "dwarf-with-dsym";
				ENABLE_NS_ASSERTIONS = NO;
				ENABLE_STRICT_OBJC_MSGSEND = YES;
				GCC_C_LANGUAGE_STANDARD = gnu99;
				GCC_NO_COMMON_BLOCKS = YES;
				GCC_WARN_64_TO_32_BIT_CONVERSION = YES;
				GCC_WARN_ABOUT_RETURN_TYPE = YES_ERROR;
				GCC_WARN_UNDECLARED_SELECTOR = YES;
				GCC_WARN_UNINITIALIZED_AUTOS = YES_AGGRESSIVE;
				GCC_WARN_UNUSED_FUNCTION = YES;
				GCC_WARN_UNUSED_VARIABLE = YES;
				IPHONEOS_DEPLOYMENT_TARGET = 10.2;
				MTL_ENABLE_DEBUG_INFO = NO;
				SDKROOT = iphoneos;
				SWIFT_OPTIMIZATION_LEVEL = "-Owholemodule";
				TARGETED_DEVICE_FAMILY = "1,2";
				VALIDATE_PRODUCT = YES;
			};
			name = Release;
		};
		07B329C51E1BEBEB008761A3 /* Debug */ = {
			isa = XCBuildConfiguration;
			buildSettings = {
				ASSETCATALOG_COMPILER_APPICON_NAME = AppIcon;
				INFOPLIST_FILE = RPG/Info.plist;
				LD_RUNPATH_SEARCH_PATHS = "$(inherited) @executable_path/Frameworks";
				PRODUCT_BUNDLE_IDENTIFIER = dsafdsfads.RPG;
				PRODUCT_NAME = "$(TARGET_NAME)";
				SWIFT_VERSION = 3.0;
			};
			name = Debug;
		};
		07B329C61E1BEBEB008761A3 /* Release */ = {
			isa = XCBuildConfiguration;
			buildSettings = {
				ASSETCATALOG_COMPILER_APPICON_NAME = AppIcon;
				INFOPLIST_FILE = RPG/Info.plist;
				LD_RUNPATH_SEARCH_PATHS = "$(inherited) @executable_path/Frameworks";
				PRODUCT_BUNDLE_IDENTIFIER = dsafdsfads.RPG;
				PRODUCT_NAME = "$(TARGET_NAME)";
				SWIFT_VERSION = 3.0;
			};
			name = Release;
		};
		07B329C81E1BEBEB008761A3 /* Debug */ = {
			isa = XCBuildConfiguration;
			buildSettings = {
				ALWAYS_EMBED_SWIFT_STANDARD_LIBRARIES = YES;
				BUNDLE_LOADER = "$(TEST_HOST)";
				INFOPLIST_FILE = RPGTests/Info.plist;
				LD_RUNPATH_SEARCH_PATHS = "$(inherited) @executable_path/Frameworks @loader_path/Frameworks";
				PRODUCT_BUNDLE_IDENTIFIER = dsafdsfads.RPGTests;
				PRODUCT_NAME = "$(TARGET_NAME)";
				SWIFT_VERSION = 3.0;
				TEST_HOST = "$(BUILT_PRODUCTS_DIR)/RPG.app/RPG";
			};
			name = Debug;
		};
		07B329C91E1BEBEB008761A3 /* Release */ = {
			isa = XCBuildConfiguration;
			buildSettings = {
				ALWAYS_EMBED_SWIFT_STANDARD_LIBRARIES = YES;
				BUNDLE_LOADER = "$(TEST_HOST)";
				INFOPLIST_FILE = RPGTests/Info.plist;
				LD_RUNPATH_SEARCH_PATHS = "$(inherited) @executable_path/Frameworks @loader_path/Frameworks";
				PRODUCT_BUNDLE_IDENTIFIER = dsafdsfads.RPGTests;
				PRODUCT_NAME = "$(TARGET_NAME)";
				SWIFT_VERSION = 3.0;
				TEST_HOST = "$(BUILT_PRODUCTS_DIR)/RPG.app/RPG";
			};
			name = Release;
		};
		07B329CB1E1BEBEB008761A3 /* Debug */ = {
			isa = XCBuildConfiguration;
			buildSettings = {
				ALWAYS_EMBED_SWIFT_STANDARD_LIBRARIES = YES;
				INFOPLIST_FILE = RPGUITests/Info.plist;
				LD_RUNPATH_SEARCH_PATHS = "$(inherited) @executable_path/Frameworks @loader_path/Frameworks";
				PRODUCT_BUNDLE_IDENTIFIER = dsafdsfads.RPGUITests;
				PRODUCT_NAME = "$(TARGET_NAME)";
				SWIFT_VERSION = 3.0;
				TEST_TARGET_NAME = RPG;
			};
			name = Debug;
		};
		07B329CC1E1BEBEB008761A3 /* Release */ = {
			isa = XCBuildConfiguration;
			buildSettings = {
				ALWAYS_EMBED_SWIFT_STANDARD_LIBRARIES = YES;
				INFOPLIST_FILE = RPGUITests/Info.plist;
				LD_RUNPATH_SEARCH_PATHS = "$(inherited) @executable_path/Frameworks @loader_path/Frameworks";
				PRODUCT_BUNDLE_IDENTIFIER = dsafdsfads.RPGUITests;
				PRODUCT_NAME = "$(TARGET_NAME)";
				SWIFT_VERSION = 3.0;
				TEST_TARGET_NAME = RPG;
			};
			name = Release;
		};
/* End XCBuildConfiguration section */

/* Begin XCConfigurationList section */
		07B329971E1BEBEA008761A3 /* Build configuration list for PBXProject "RPG" */ = {
			isa = XCConfigurationList;
			buildConfigurations = (
				07B329C21E1BEBEB008761A3 /* Debug */,
				07B329C31E1BEBEB008761A3 /* Release */,
			);
			defaultConfigurationIsVisible = 0;
			defaultConfigurationName = Release;
		};
		07B329C41E1BEBEB008761A3 /* Build configuration list for PBXNativeTarget "RPG" */ = {
			isa = XCConfigurationList;
			buildConfigurations = (
				07B329C51E1BEBEB008761A3 /* Debug */,
				07B329C61E1BEBEB008761A3 /* Release */,
			);
			defaultConfigurationIsVisible = 0;
		};
		07B329C71E1BEBEB008761A3 /* Build configuration list for PBXNativeTarget "RPGTests" */ = {
			isa = XCConfigurationList;
			buildConfigurations = (
				07B329C81E1BEBEB008761A3 /* Debug */,
				07B329C91E1BEBEB008761A3 /* Release */,
			);
			defaultConfigurationIsVisible = 0;
		};
		07B329CA1E1BEBEB008761A3 /* Build configuration list for PBXNativeTarget "RPGUITests" */ = {
			isa = XCConfigurationList;
			buildConfigurations = (
				07B329CB1E1BEBEB008761A3 /* Debug */,
				07B329CC1E1BEBEB008761A3 /* Release */,
			);
			defaultConfigurationIsVisible = 0;
		};
/* End XCConfigurationList section */
	};
	rootObject = 07B329941E1BEBEA008761A3 /* Project object */;
}
